// !$*UTF8*$!
{
	archiveVersion = 1;
	classes = {
	};
	objectVersion = 55;
	objects = {

/* Begin PBXBuildFile section */
		2FEE6B0226BAAF4300615F9A /* Tests_iOS.swift in Sources */ = {isa = PBXBuildFile; fileRef = 2FEE6B0126BAAF4300615F9A /* Tests_iOS.swift */; };
		2FEE6B0C26BAAF4300615F9A /* Tests_macOS.swift in Sources */ = {isa = PBXBuildFile; fileRef = 2FEE6B0B26BAAF4300615F9A /* Tests_macOS.swift */; };
		2FEE6B0D26BAAF4300615F9A /* MiMarvel.xcdatamodeld in Sources */ = {isa = PBXBuildFile; fileRef = 2FEE6AE826BAAF4300615F9A /* MiMarvel.xcdatamodeld */; };
		2FEE6B0E26BAAF4300615F9A /* MiMarvel.xcdatamodeld in Sources */ = {isa = PBXBuildFile; fileRef = 2FEE6AE826BAAF4300615F9A /* MiMarvel.xcdatamodeld */; };
		2FEE6B0F26BAAF4300615F9A /* MiMarvelApp.swift in Sources */ = {isa = PBXBuildFile; fileRef = 2FEE6AEA26BAAF4300615F9A /* MiMarvelApp.swift */; };
		2FEE6B1026BAAF4300615F9A /* MiMarvelApp.swift in Sources */ = {isa = PBXBuildFile; fileRef = 2FEE6AEA26BAAF4300615F9A /* MiMarvelApp.swift */; };
		2FEE6B1126BAAF4300615F9A /* ContentView.swift in Sources */ = {isa = PBXBuildFile; fileRef = 2FEE6AEB26BAAF4300615F9A /* ContentView.swift */; };
		2FEE6B1226BAAF4300615F9A /* ContentView.swift in Sources */ = {isa = PBXBuildFile; fileRef = 2FEE6AEB26BAAF4300615F9A /* ContentView.swift */; };
		2FEE6B1326BAAF4300615F9A /* Persistence.swift in Sources */ = {isa = PBXBuildFile; fileRef = 2FEE6AEC26BAAF4300615F9A /* Persistence.swift */; };
		2FEE6B1426BAAF4300615F9A /* Persistence.swift in Sources */ = {isa = PBXBuildFile; fileRef = 2FEE6AEC26BAAF4300615F9A /* Persistence.swift */; };
		2FEE6B1526BAAF4300615F9A /* Assets.xcassets in Resources */ = {isa = PBXBuildFile; fileRef = 2FEE6AED26BAAF4300615F9A /* Assets.xcassets */; };
		2FEE6B1626BAAF4300615F9A /* Assets.xcassets in Resources */ = {isa = PBXBuildFile; fileRef = 2FEE6AED26BAAF4300615F9A /* Assets.xcassets */; };
/* End PBXBuildFile section */

/* Begin PBXContainerItemProxy section */
		2FEE6AFE26BAAF4300615F9A /* PBXContainerItemProxy */ = {
			isa = PBXContainerItemProxy;
			containerPortal = 2FEE6AE326BAAF4300615F9A /* Project object */;
			proxyType = 1;
			remoteGlobalIDString = 2FEE6AF126BAAF4300615F9A;
			remoteInfo = "MiMarvel (iOS)";
		};
		2FEE6B0826BAAF4300615F9A /* PBXContainerItemProxy */ = {
			isa = PBXContainerItemProxy;
			containerPortal = 2FEE6AE326BAAF4300615F9A /* Project object */;
			proxyType = 1;
			remoteGlobalIDString = 2FEE6AF726BAAF4300615F9A;
			remoteInfo = "MiMarvel (macOS)";
		};
/* End PBXContainerItemProxy section */

/* Begin PBXFileReference section */
		2FEE6AE926BAAF4300615F9A /* Shared.xcdatamodel */ = {isa = PBXFileReference; lastKnownFileType = wrapper.xcdatamodel; path = Shared.xcdatamodel; sourceTree = "<group>"; };
		2FEE6AEA26BAAF4300615F9A /* MiMarvelApp.swift */ = {isa = PBXFileReference; lastKnownFileType = sourcecode.swift; path = MiMarvelApp.swift; sourceTree = "<group>"; };
		2FEE6AEB26BAAF4300615F9A /* ContentView.swift */ = {isa = PBXFileReference; lastKnownFileType = sourcecode.swift; path = ContentView.swift; sourceTree = "<group>"; };
		2FEE6AEC26BAAF4300615F9A /* Persistence.swift */ = {isa = PBXFileReference; lastKnownFileType = sourcecode.swift; path = Persistence.swift; sourceTree = "<group>"; };
		2FEE6AED26BAAF4300615F9A /* Assets.xcassets */ = {isa = PBXFileReference; lastKnownFileType = folder.assetcatalog; path = Assets.xcassets; sourceTree = "<group>"; };
		2FEE6AF226BAAF4300615F9A /* MiMarvel.app */ = {isa = PBXFileReference; explicitFileType = wrapper.application; includeInIndex = 0; path = MiMarvel.app; sourceTree = BUILT_PRODUCTS_DIR; };
		2FEE6AF826BAAF4300615F9A /* MiMarvel.app */ = {isa = PBXFileReference; explicitFileType = wrapper.application; includeInIndex = 0; path = MiMarvel.app; sourceTree = BUILT_PRODUCTS_DIR; };
		2FEE6AFD26BAAF4300615F9A /* Tests iOS.xctest */ = {isa = PBXFileReference; explicitFileType = wrapper.cfbundle; includeInIndex = 0; path = "Tests iOS.xctest"; sourceTree = BUILT_PRODUCTS_DIR; };
		2FEE6B0126BAAF4300615F9A /* Tests_iOS.swift */ = {isa = PBXFileReference; lastKnownFileType = sourcecode.swift; path = Tests_iOS.swift; sourceTree = "<group>"; };
		2FEE6B0726BAAF4300615F9A /* Tests macOS.xctest */ = {isa = PBXFileReference; explicitFileType = wrapper.cfbundle; includeInIndex = 0; path = "Tests macOS.xctest"; sourceTree = BUILT_PRODUCTS_DIR; };
		2FEE6B0B26BAAF4300615F9A /* Tests_macOS.swift */ = {isa = PBXFileReference; lastKnownFileType = sourcecode.swift; path = Tests_macOS.swift; sourceTree = "<group>"; };
/* End PBXFileReference section */

/* Begin PBXFrameworksBuildPhase section */
		2FEE6AEF26BAAF4300615F9A /* Frameworks */ = {
			isa = PBXFrameworksBuildPhase;
			buildActionMask = 2147483647;
			files = (
			);
			runOnlyForDeploymentPostprocessing = 0;
		};
		2FEE6AF526BAAF4300615F9A /* Frameworks */ = {
			isa = PBXFrameworksBuildPhase;
			buildActionMask = 2147483647;
			files = (
			);
			runOnlyForDeploymentPostprocessing = 0;
		};
		2FEE6AFA26BAAF4300615F9A /* Frameworks */ = {
			isa = PBXFrameworksBuildPhase;
			buildActionMask = 2147483647;
			files = (
			);
			runOnlyForDeploymentPostprocessing = 0;
		};
		2FEE6B0426BAAF4300615F9A /* Frameworks */ = {
			isa = PBXFrameworksBuildPhase;
			buildActionMask = 2147483647;
			files = (
			);
			runOnlyForDeploymentPostprocessing = 0;
		};
/* End PBXFrameworksBuildPhase section */

/* Begin PBXGroup section */
		2FEE6AE226BAAF4300615F9A = {
			isa = PBXGroup;
			children = (
				2FEE6AE726BAAF4300615F9A /* Shared */,
				2FEE6B0026BAAF4300615F9A /* Tests iOS */,
				2FEE6B0A26BAAF4300615F9A /* Tests macOS */,
				2FEE6AF326BAAF4300615F9A /* Products */,
			);
			sourceTree = "<group>";
		};
		2FEE6AE726BAAF4300615F9A /* Shared */ = {
			isa = PBXGroup;
			children = (
				2FEE6AEA26BAAF4300615F9A /* MiMarvelApp.swift */,
				2FEE6AEB26BAAF4300615F9A /* ContentView.swift */,
				2FEE6AEC26BAAF4300615F9A /* Persistence.swift */,
				2FEE6AED26BAAF4300615F9A /* Assets.xcassets */,
				2FEE6AE826BAAF4300615F9A /* MiMarvel.xcdatamodeld */,
			);
			path = Shared;
			sourceTree = "<group>";
		};
		2FEE6AF326BAAF4300615F9A /* Products */ = {
			isa = PBXGroup;
			children = (
				2FEE6AF226BAAF4300615F9A /* MiMarvel.app */,
				2FEE6AF826BAAF4300615F9A /* MiMarvel.app */,
				2FEE6AFD26BAAF4300615F9A /* Tests iOS.xctest */,
				2FEE6B0726BAAF4300615F9A /* Tests macOS.xctest */,
			);
			name = Products;
			sourceTree = "<group>";
		};
		2FEE6B0026BAAF4300615F9A /* Tests iOS */ = {
			isa = PBXGroup;
			children = (
				2FEE6B0126BAAF4300615F9A /* Tests_iOS.swift */,
			);
			path = "Tests iOS";
			sourceTree = "<group>";
		};
		2FEE6B0A26BAAF4300615F9A /* Tests macOS */ = {
			isa = PBXGroup;
			children = (
				2FEE6B0B26BAAF4300615F9A /* Tests_macOS.swift */,
			);
			path = "Tests macOS";
			sourceTree = "<group>";
		};
/* End PBXGroup section */

/* Begin PBXNativeTarget section */
		2FEE6AF126BAAF4300615F9A /* MiMarvel (iOS) */ = {
			isa = PBXNativeTarget;
			buildConfigurationList = 2FEE6B1926BAAF4300615F9A /* Build configuration list for PBXNativeTarget "MiMarvel (iOS)" */;
			buildPhases = (
				2FEE6AEE26BAAF4300615F9A /* Sources */,
				2FEE6AEF26BAAF4300615F9A /* Frameworks */,
				2FEE6AF026BAAF4300615F9A /* Resources */,
			);
			buildRules = (
			);
			dependencies = (
			);
			name = "MiMarvel (iOS)";
			productName = "MiMarvel (iOS)";
			productReference = 2FEE6AF226BAAF4300615F9A /* MiMarvel.app */;
			productType = "com.apple.product-type.application";
		};
		2FEE6AF726BAAF4300615F9A /* MiMarvel (macOS) */ = {
			isa = PBXNativeTarget;
			buildConfigurationList = 2FEE6B1C26BAAF4300615F9A /* Build configuration list for PBXNativeTarget "MiMarvel (macOS)" */;
			buildPhases = (
				2FEE6AF426BAAF4300615F9A /* Sources */,
				2FEE6AF526BAAF4300615F9A /* Frameworks */,
				2FEE6AF626BAAF4300615F9A /* Resources */,
			);
			buildRules = (
			);
			dependencies = (
			);
			name = "MiMarvel (macOS)";
			productName = "MiMarvel (macOS)";
			productReference = 2FEE6AF826BAAF4300615F9A /* MiMarvel.app */;
			productType = "com.apple.product-type.application";
		};
		2FEE6AFC26BAAF4300615F9A /* Tests iOS */ = {
			isa = PBXNativeTarget;
			buildConfigurationList = 2FEE6B1F26BAAF4300615F9A /* Build configuration list for PBXNativeTarget "Tests iOS" */;
			buildPhases = (
				2FEE6AF926BAAF4300615F9A /* Sources */,
				2FEE6AFA26BAAF4300615F9A /* Frameworks */,
				2FEE6AFB26BAAF4300615F9A /* Resources */,
			);
			buildRules = (
			);
			dependencies = (
				2FEE6AFF26BAAF4300615F9A /* PBXTargetDependency */,
			);
			name = "Tests iOS";
			productName = "Tests iOS";
			productReference = 2FEE6AFD26BAAF4300615F9A /* Tests iOS.xctest */;
			productType = "com.apple.product-type.bundle.ui-testing";
		};
		2FEE6B0626BAAF4300615F9A /* Tests macOS */ = {
			isa = PBXNativeTarget;
			buildConfigurationList = 2FEE6B2226BAAF4300615F9A /* Build configuration list for PBXNativeTarget "Tests macOS" */;
			buildPhases = (
				2FEE6B0326BAAF4300615F9A /* Sources */,
				2FEE6B0426BAAF4300615F9A /* Frameworks */,
				2FEE6B0526BAAF4300615F9A /* Resources */,
			);
			buildRules = (
			);
			dependencies = (
				2FEE6B0926BAAF4300615F9A /* PBXTargetDependency */,
			);
			name = "Tests macOS";
			productName = "Tests macOS";
			productReference = 2FEE6B0726BAAF4300615F9A /* Tests macOS.xctest */;
			productType = "com.apple.product-type.bundle.ui-testing";
		};
/* End PBXNativeTarget section */

/* Begin PBXProject section */
		2FEE6AE326BAAF4300615F9A /* Project object */ = {
			isa = PBXProject;
			attributes = {
				BuildIndependentTargetsInParallel = 1;
				LastSwiftUpdateCheck = 1300;
				LastUpgradeCheck = 1300;
				TargetAttributes = {
					2FEE6AF126BAAF4300615F9A = {
						CreatedOnToolsVersion = 13.0;
					};
					2FEE6AF726BAAF4300615F9A = {
						CreatedOnToolsVersion = 13.0;
					};
					2FEE6AFC26BAAF4300615F9A = {
						CreatedOnToolsVersion = 13.0;
						TestTargetID = 2FEE6AF126BAAF4300615F9A;
					};
					2FEE6B0626BAAF4300615F9A = {
						CreatedOnToolsVersion = 13.0;
						TestTargetID = 2FEE6AF726BAAF4300615F9A;
					};
				};
			};
			buildConfigurationList = 2FEE6AE626BAAF4300615F9A /* Build configuration list for PBXProject "MiMarvel" */;
			compatibilityVersion = "Xcode 13.0";
			developmentRegion = en;
			hasScannedForEncodings = 0;
			knownRegions = (
				en,
				Base,
			);
			mainGroup = 2FEE6AE226BAAF4300615F9A;
			productRefGroup = 2FEE6AF326BAAF4300615F9A /* Products */;
			projectDirPath = "";
			projectRoot = "";
			targets = (
				2FEE6AF126BAAF4300615F9A /* MiMarvel (iOS) */,
				2FEE6AF726BAAF4300615F9A /* MiMarvel (macOS) */,
				2FEE6AFC26BAAF4300615F9A /* Tests iOS */,
				2FEE6B0626BAAF4300615F9A /* Tests macOS */,
			);
		};
/* End PBXProject section */

/* Begin PBXResourcesBuildPhase section */
		2FEE6AF026BAAF4300615F9A /* Resources */ = {
			isa = PBXResourcesBuildPhase;
			buildActionMask = 2147483647;
			files = (
				2FEE6B1526BAAF4300615F9A /* Assets.xcassets in Resources */,
			);
			runOnlyForDeploymentPostprocessing = 0;
		};
		2FEE6AF626BAAF4300615F9A /* Resources */ = {
			isa = PBXResourcesBuildPhase;
			buildActionMask = 2147483647;
			files = (
				2FEE6B1626BAAF4300615F9A /* Assets.xcassets in Resources */,
			);
			runOnlyForDeploymentPostprocessing = 0;
		};
		2FEE6AFB26BAAF4300615F9A /* Resources */ = {
			isa = PBXResourcesBuildPhase;
			buildActionMask = 2147483647;
			files = (
			);
			runOnlyForDeploymentPostprocessing = 0;
		};
		2FEE6B0526BAAF4300615F9A /* Resources */ = {
			isa = PBXResourcesBuildPhase;
			buildActionMask = 2147483647;
			files = (
			);
			runOnlyForDeploymentPostprocessing = 0;
		};
/* End PBXResourcesBuildPhase section */

/* Begin PBXSourcesBuildPhase section */
		2FEE6AEE26BAAF4300615F9A /* Sources */ = {
			isa = PBXSourcesBuildPhase;
			buildActionMask = 2147483647;
			files = (
				2FEE6B0F26BAAF4300615F9A /* MiMarvelApp.swift in Sources */,
				2FEE6B1326BAAF4300615F9A /* Persistence.swift in Sources */,
				2FEE6B0D26BAAF4300615F9A /* MiMarvel.xcdatamodeld in Sources */,
				2FEE6B1126BAAF4300615F9A /* ContentView.swift in Sources */,
			);
			runOnlyForDeploymentPostprocessing = 0;
		};
		2FEE6AF426BAAF4300615F9A /* Sources */ = {
			isa = PBXSourcesBuildPhase;
			buildActionMask = 2147483647;
			files = (
				2FEE6B1026BAAF4300615F9A /* MiMarvelApp.swift in Sources */,
				2FEE6B1426BAAF4300615F9A /* Persistence.swift in Sources */,
				2FEE6B0E26BAAF4300615F9A /* MiMarvel.xcdatamodeld in Sources */,
				2FEE6B1226BAAF4300615F9A /* ContentView.swift in Sources */,
			);
			runOnlyForDeploymentPostprocessing = 0;
		};
		2FEE6AF926BAAF4300615F9A /* Sources */ = {
			isa = PBXSourcesBuildPhase;
			buildActionMask = 2147483647;
			files = (
				2FEE6B0226BAAF4300615F9A /* Tests_iOS.swift in Sources */,
			);
			runOnlyForDeploymentPostprocessing = 0;
		};
		2FEE6B0326BAAF4300615F9A /* Sources */ = {
			isa = PBXSourcesBuildPhase;
			buildActionMask = 2147483647;
			files = (
				2FEE6B0C26BAAF4300615F9A /* Tests_macOS.swift in Sources */,
			);
			runOnlyForDeploymentPostprocessing = 0;
		};
/* End PBXSourcesBuildPhase section */

/* Begin PBXTargetDependency section */
		2FEE6AFF26BAAF4300615F9A /* PBXTargetDependency */ = {
			isa = PBXTargetDependency;
			target = 2FEE6AF126BAAF4300615F9A /* MiMarvel (iOS) */;
			targetProxy = 2FEE6AFE26BAAF4300615F9A /* PBXContainerItemProxy */;
		};
		2FEE6B0926BAAF4300615F9A /* PBXTargetDependency */ = {
			isa = PBXTargetDependency;
			target = 2FEE6AF726BAAF4300615F9A /* MiMarvel (macOS) */;
			targetProxy = 2FEE6B0826BAAF4300615F9A /* PBXContainerItemProxy */;
		};
/* End PBXTargetDependency section */

/* Begin XCBuildConfiguration section */
		2FEE6B1726BAAF4300615F9A /* Debug */ = {
			isa = XCBuildConfiguration;
			buildSettings = {
				ALWAYS_SEARCH_USER_PATHS = NO;
				CLANG_ANALYZER_NONNULL = YES;
				CLANG_ANALYZER_NUMBER_OBJECT_CONVERSION = YES_AGGRESSIVE;
				CLANG_CXX_LANGUAGE_STANDARD = "gnu++14";
				CLANG_CXX_LIBRARY = "libc++";
				CLANG_ENABLE_MODULES = YES;
				CLANG_ENABLE_OBJC_ARC = YES;
				CLANG_ENABLE_OBJC_WEAK = YES;
				CLANG_WARN_BLOCK_CAPTURE_AUTORELEASING = YES;
				CLANG_WARN_BOOL_CONVERSION = YES;
				CLANG_WARN_COMMA = YES;
				CLANG_WARN_CONSTANT_CONVERSION = YES;
				CLANG_WARN_DEPRECATED_OBJC_IMPLEMENTATIONS = YES;
				CLANG_WARN_DIRECT_OBJC_ISA_USAGE = YES_ERROR;
				CLANG_WARN_DOCUMENTATION_COMMENTS = YES;
				CLANG_WARN_EMPTY_BODY = YES;
				CLANG_WARN_ENUM_CONVERSION = YES;
				CLANG_WARN_INFINITE_RECURSION = YES;
				CLANG_WARN_INT_CONVERSION = YES;
				CLANG_WARN_NON_LITERAL_NULL_CONVERSION = YES;
				CLANG_WARN_OBJC_IMPLICIT_RETAIN_SELF = YES;
				CLANG_WARN_OBJC_LITERAL_CONVERSION = YES;
				CLANG_WARN_OBJC_ROOT_CLASS = YES_ERROR;
				CLANG_WARN_QUOTED_INCLUDE_IN_FRAMEWORK_HEADER = YES;
				CLANG_WARN_RANGE_LOOP_ANALYSIS = YES;
				CLANG_WARN_STRICT_PROTOTYPES = YES;
				CLANG_WARN_SUSPICIOUS_MOVE = YES;
				CLANG_WARN_UNGUARDED_AVAILABILITY = YES_AGGRESSIVE;
				CLANG_WARN_UNREACHABLE_CODE = YES;
				CLANG_WARN__DUPLICATE_METHOD_MATCH = YES;
				COPY_PHASE_STRIP = NO;
				DEBUG_INFORMATION_FORMAT = dwarf;
				ENABLE_STRICT_OBJC_MSGSEND = YES;
				ENABLE_TESTABILITY = YES;
				GCC_C_LANGUAGE_STANDARD = gnu11;
				GCC_DYNAMIC_NO_PIC = NO;
				GCC_NO_COMMON_BLOCKS = YES;
				GCC_OPTIMIZATION_LEVEL = 0;
				GCC_PREPROCESSOR_DEFINITIONS = (
					"DEBUG=1",
					"$(inherited)",
				);
				GCC_WARN_64_TO_32_BIT_CONVERSION = YES;
				GCC_WARN_ABOUT_RETURN_TYPE = YES_ERROR;
				GCC_WARN_UNDECLARED_SELECTOR = YES;
				GCC_WARN_UNINITIALIZED_AUTOS = YES_AGGRESSIVE;
				GCC_WARN_UNUSED_FUNCTION = YES;
				GCC_WARN_UNUSED_VARIABLE = YES;
				MTL_ENABLE_DEBUG_INFO = INCLUDE_SOURCE;
				MTL_FAST_MATH = YES;
				ONLY_ACTIVE_ARCH = YES;
				SWIFT_ACTIVE_COMPILATION_CONDITIONS = DEBUG;
				SWIFT_OPTIMIZATION_LEVEL = "-Onone";
			};
			name = Debug;
		};
		2FEE6B1826BAAF4300615F9A /* Release */ = {
			isa = XCBuildConfiguration;
			buildSettings = {
				ALWAYS_SEARCH_USER_PATHS = NO;
				CLANG_ANALYZER_NONNULL = YES;
				CLANG_ANALYZER_NUMBER_OBJECT_CONVERSION = YES_AGGRESSIVE;
				CLANG_CXX_LANGUAGE_STANDARD = "gnu++14";
				CLANG_CXX_LIBRARY = "libc++";
				CLANG_ENABLE_MODULES = YES;
				CLANG_ENABLE_OBJC_ARC = YES;
				CLANG_ENABLE_OBJC_WEAK = YES;
				CLANG_WARN_BLOCK_CAPTURE_AUTORELEASING = YES;
				CLANG_WARN_BOOL_CONVERSION = YES;
				CLANG_WARN_COMMA = YES;
				CLANG_WARN_CONSTANT_CONVERSION = YES;
				CLANG_WARN_DEPRECATED_OBJC_IMPLEMENTATIONS = YES;
				CLANG_WARN_DIRECT_OBJC_ISA_USAGE = YES_ERROR;
				CLANG_WARN_DOCUMENTATION_COMMENTS = YES;
				CLANG_WARN_EMPTY_BODY = YES;
				CLANG_WARN_ENUM_CONVERSION = YES;
				CLANG_WARN_INFINITE_RECURSION = YES;
				CLANG_WARN_INT_CONVERSION = YES;
				CLANG_WARN_NON_LITERAL_NULL_CONVERSION = YES;
				CLANG_WARN_OBJC_IMPLICIT_RETAIN_SELF = YES;
				CLANG_WARN_OBJC_LITERAL_CONVERSION = YES;
				CLANG_WARN_OBJC_ROOT_CLASS = YES_ERROR;
				CLANG_WARN_QUOTED_INCLUDE_IN_FRAMEWORK_HEADER = YES;
				CLANG_WARN_RANGE_LOOP_ANALYSIS = YES;
				CLANG_WARN_STRICT_PROTOTYPES = YES;
				CLANG_WARN_SUSPICIOUS_MOVE = YES;
				CLANG_WARN_UNGUARDED_AVAILABILITY = YES_AGGRESSIVE;
				CLANG_WARN_UNREACHABLE_CODE = YES;
				CLANG_WARN__DUPLICATE_METHOD_MATCH = YES;
				COPY_PHASE_STRIP = NO;
				DEBUG_INFORMATION_FORMAT = "dwarf-with-dsym";
				ENABLE_NS_ASSERTIONS = NO;
				ENABLE_STRICT_OBJC_MSGSEND = YES;
				GCC_C_LANGUAGE_STANDARD = gnu11;
				GCC_NO_COMMON_BLOCKS = YES;
				GCC_WARN_64_TO_32_BIT_CONVERSION = YES;
				GCC_WARN_ABOUT_RETURN_TYPE = YES_ERROR;
				GCC_WARN_UNDECLARED_SELECTOR = YES;
				GCC_WARN_UNINITIALIZED_AUTOS = YES_AGGRESSIVE;
				GCC_WARN_UNUSED_FUNCTION = YES;
				GCC_WARN_UNUSED_VARIABLE = YES;
				MTL_ENABLE_DEBUG_INFO = NO;
				MTL_FAST_MATH = YES;
				SWIFT_COMPILATION_MODE = wholemodule;
				SWIFT_OPTIMIZATION_LEVEL = "-O";
			};
			name = Release;
		};
		2FEE6B1A26BAAF4300615F9A /* Debug */ = {
			isa = XCBuildConfiguration;
			buildSettings = {
				ASSETCATALOG_COMPILER_APPICON_NAME = AppIcon;
				ASSETCATALOG_COMPILER_GLOBAL_ACCENT_COLOR_NAME = AccentColor;
				CODE_SIGN_STYLE = Automatic;
				CURRENT_PROJECT_VERSION = 1;
				DEVELOPMENT_TEAM = 3G54NEN3F6;
				ENABLE_PREVIEWS = YES;
				GENERATE_INFOPLIST_FILE = YES;
				INFOPLIST_KEY_UIApplicationSceneManifest_Generation = YES;
				INFOPLIST_KEY_UIApplicationSupportsIndirectInputEvents = YES;
				INFOPLIST_KEY_UILaunchScreen_Generation = YES;
				INFOPLIST_KEY_UISupportedInterfaceOrientations_iPad = "UIInterfaceOrientationPortrait UIInterfaceOrientationPortraitUpsideDown UIInterfaceOrientationLandscapeLeft UIInterfaceOrientationLandscapeRight";
				INFOPLIST_KEY_UISupportedInterfaceOrientations_iPhone = "UIInterfaceOrientationPortrait UIInterfaceOrientationLandscapeLeft UIInterfaceOrientationLandscapeRight";
				IPHONEOS_DEPLOYMENT_TARGET = 14.0;
				LD_RUNPATH_SEARCH_PATHS = (
					"$(inherited)",
					"@executable_path/Frameworks",
				);
				MARKETING_VERSION = 1.0;
				PRODUCT_BUNDLE_IDENTIFIER = com.anapp4that.MiMarvel;
				PRODUCT_NAME = MiMarvel;
				SDKROOT = iphoneos;
				SWIFT_EMIT_LOC_STRINGS = YES;
				SWIFT_VERSION = 5.0;
				TARGETED_DEVICE_FAMILY = "1,2";
			};
			name = Debug;
		};
		2FEE6B1B26BAAF4300615F9A /* Release */ = {
			isa = XCBuildConfiguration;
			buildSettings = {
				ASSETCATALOG_COMPILER_APPICON_NAME = AppIcon;
				ASSETCATALOG_COMPILER_GLOBAL_ACCENT_COLOR_NAME = AccentColor;
				CODE_SIGN_STYLE = Automatic;
				CURRENT_PROJECT_VERSION = 1;
				DEVELOPMENT_TEAM = 3G54NEN3F6;
				ENABLE_PREVIEWS = YES;
				GENERATE_INFOPLIST_FILE = YES;
				INFOPLIST_KEY_UIApplicationSceneManifest_Generation = YES;
				INFOPLIST_KEY_UIApplicationSupportsIndirectInputEvents = YES;
				INFOPLIST_KEY_UILaunchScreen_Generation = YES;
				INFOPLIST_KEY_UISupportedInterfaceOrientations_iPad = "UIInterfaceOrientationPortrait UIInterfaceOrientationPortraitUpsideDown UIInterfaceOrientationLandscapeLeft UIInterfaceOrientationLandscapeRight";
				INFOPLIST_KEY_UISupportedInterfaceOrientations_iPhone = "UIInterfaceOrientationPortrait UIInterfaceOrientationLandscapeLeft UIInterfaceOrientationLandscapeRight";
				IPHONEOS_DEPLOYMENT_TARGET = 14.0;
				LD_RUNPATH_SEARCH_PATHS = (
					"$(inherited)",
					"@executable_path/Frameworks",
				);
				MARKETING_VERSION = 1.0;
				PRODUCT_BUNDLE_IDENTIFIER = com.anapp4that.MiMarvel;
				PRODUCT_NAME = MiMarvel;
				SDKROOT = iphoneos;
				SWIFT_EMIT_LOC_STRINGS = YES;
				SWIFT_VERSION = 5.0;
				TARGETED_DEVICE_FAMILY = "1,2";
				VALIDATE_PRODUCT = YES;
			};
			name = Release;
		};
		2FEE6B1D26BAAF4300615F9A /* Debug */ = {
			isa = XCBuildConfiguration;
			buildSettings = {
				ASSETCATALOG_COMPILER_APPICON_NAME = AppIcon;
				ASSETCATALOG_COMPILER_GLOBAL_ACCENT_COLOR_NAME = AccentColor;
				CODE_SIGN_STYLE = Automatic;
				COMBINE_HIDPI_IMAGES = YES;
				CURRENT_PROJECT_VERSION = 1;
				DEVELOPMENT_TEAM = 3G54NEN3F6;
				ENABLE_APP_SANDBOX = YES;
				ENABLE_HARDENED_RUNTIME = YES;
				ENABLE_PREVIEWS = YES;
				ENABLE_USER_SELECTED_FILES = readonly;
				GENERATE_INFOPLIST_FILE = YES;
				INFOPLIST_KEY_NSHumanReadableCopyright = "";
				LD_RUNPATH_SEARCH_PATHS = (
					"$(inherited)",
					"@executable_path/../Frameworks",
				);
				MACOSX_DEPLOYMENT_TARGET = 11.0;
				MARKETING_VERSION = 1.0;
				PRODUCT_BUNDLE_IDENTIFIER = com.anapp4that.MiMarvel;
				PRODUCT_NAME = MiMarvel;
				SDKROOT = macosx;
				SWIFT_EMIT_LOC_STRINGS = YES;
				SWIFT_VERSION = 5.0;
			};
			name = Debug;
		};
		2FEE6B1E26BAAF4300615F9A /* Release */ = {
			isa = XCBuildConfiguration;
			buildSettings = {
				ASSETCATALOG_COMPILER_APPICON_NAME = AppIcon;
				ASSETCATALOG_COMPILER_GLOBAL_ACCENT_COLOR_NAME = AccentColor;
				CODE_SIGN_STYLE = Automatic;
				COMBINE_HIDPI_IMAGES = YES;
				CURRENT_PROJECT_VERSION = 1;
				DEVELOPMENT_TEAM = 3G54NEN3F6;
				ENABLE_APP_SANDBOX = YES;
				ENABLE_HARDENED_RUNTIME = YES;
				ENABLE_PREVIEWS = YES;
				ENABLE_USER_SELECTED_FILES = readonly;
				GENERATE_INFOPLIST_FILE = YES;
				INFOPLIST_KEY_NSHumanReadableCopyright = "";
				LD_RUNPATH_SEARCH_PATHS = (
					"$(inherited)",
					"@executable_path/../Frameworks",
				);
				MACOSX_DEPLOYMENT_TARGET = 11.0;
				MARKETING_VERSION = 1.0;
				PRODUCT_BUNDLE_IDENTIFIER = com.anapp4that.MiMarvel;
				PRODUCT_NAME = MiMarvel;
				SDKROOT = macosx;
				SWIFT_EMIT_LOC_STRINGS = YES;
				SWIFT_VERSION = 5.0;
			};
			name = Release;
		};
		2FEE6B2026BAAF4300615F9A /* Debug */ = {
			isa = XCBuildConfiguration;
			buildSettings = {
				ALWAYS_EMBED_SWIFT_STANDARD_LIBRARIES = YES;
				CODE_SIGN_STYLE = Automatic;
				CURRENT_PROJECT_VERSION = 1;
				DEVELOPMENT_TEAM = 3G54NEN3F6;
				GENERATE_INFOPLIST_FILE = YES;
				IPHONEOS_DEPLOYMENT_TARGET = 15.0;
				LD_RUNPATH_SEARCH_PATHS = (
					"$(inherited)",
					"@executable_path/Frameworks",
					"@loader_path/Frameworks",
				);
				MARKETING_VERSION = 1.0;
				PRODUCT_BUNDLE_IDENTIFIER = "com.anapp4that.Tests-iOS";
				PRODUCT_NAME = "$(TARGET_NAME)";
				SDKROOT = iphoneos;
				SWIFT_EMIT_LOC_STRINGS = NO;
				SWIFT_VERSION = 5.0;
				TARGETED_DEVICE_FAMILY = "1,2";
				TEST_TARGET_NAME = "MiMarvel (iOS)";
			};
			name = Debug;
		};
		2FEE6B2126BAAF4300615F9A /* Release */ = {
			isa = XCBuildConfiguration;
			buildSettings = {
				ALWAYS_EMBED_SWIFT_STANDARD_LIBRARIES = YES;
				CODE_SIGN_STYLE = Automatic;
				CURRENT_PROJECT_VERSION = 1;
				DEVELOPMENT_TEAM = 3G54NEN3F6;
				GENERATE_INFOPLIST_FILE = YES;
				IPHONEOS_DEPLOYMENT_TARGET = 15.0;
				LD_RUNPATH_SEARCH_PATHS = (
					"$(inherited)",
					"@executable_path/Frameworks",
					"@loader_path/Frameworks",
				);
				MARKETING_VERSION = 1.0;
				PRODUCT_BUNDLE_IDENTIFIER = "com.anapp4that.Tests-iOS";
				PRODUCT_NAME = "$(TARGET_NAME)";
				SDKROOT = iphoneos;
				SWIFT_EMIT_LOC_STRINGS = NO;
				SWIFT_VERSION = 5.0;
				TARGETED_DEVICE_FAMILY = "1,2";
				TEST_TARGET_NAME = "MiMarvel (iOS)";
				VALIDATE_PRODUCT = YES;
			};
			name = Release;
		};
		2FEE6B2326BAAF4300615F9A /* Debug */ = {
			isa = XCBuildConfiguration;
			buildSettings = {
				ALWAYS_EMBED_SWIFT_STANDARD_LIBRARIES = YES;
				CODE_SIGN_STYLE = Automatic;
				COMBINE_HIDPI_IMAGES = YES;
				CURRENT_PROJECT_VERSION = 1;
				DEVELOPMENT_TEAM = 3G54NEN3F6;
				GENERATE_INFOPLIST_FILE = YES;
				LD_RUNPATH_SEARCH_PATHS = (
					"$(inherited)",
					"@executable_path/../Frameworks",
					"@loader_path/../Frameworks",
				);
				MACOSX_DEPLOYMENT_TARGET = 12.0;
				MARKETING_VERSION = 1.0;
				PRODUCT_BUNDLE_IDENTIFIER = "com.anapp4that.Tests-macOS";
				PRODUCT_NAME = "$(TARGET_NAME)";
				SDKROOT = macosx;
				SWIFT_EMIT_LOC_STRINGS = NO;
				SWIFT_VERSION = 5.0;
				TEST_TARGET_NAME = "MiMarvel (macOS)";
			};
			name = Debug;
		};
		2FEE6B2426BAAF4300615F9A /* Release */ = {
			isa = XCBuildConfiguration;
			buildSettings = {
				ALWAYS_EMBED_SWIFT_STANDARD_LIBRARIES = YES;
				CODE_SIGN_STYLE = Automatic;
				COMBINE_HIDPI_IMAGES = YES;
				CURRENT_PROJECT_VERSION = 1;
				DEVELOPMENT_TEAM = 3G54NEN3F6;
				GENERATE_INFOPLIST_FILE = YES;
				LD_RUNPATH_SEARCH_PATHS = (
					"$(inherited)",
					"@executable_path/../Frameworks",
					"@loader_path/../Frameworks",
				);
				MACOSX_DEPLOYMENT_TARGET = 12.0;
				MARKETING_VERSION = 1.0;
				PRODUCT_BUNDLE_IDENTIFIER = "com.anapp4that.Tests-macOS";
				PRODUCT_NAME = "$(TARGET_NAME)";
				SDKROOT = macosx;
				SWIFT_EMIT_LOC_STRINGS = NO;
				SWIFT_VERSION = 5.0;
				TEST_TARGET_NAME = "MiMarvel (macOS)";
			};
			name = Release;
		};
/* End XCBuildConfiguration section */

/* Begin XCConfigurationList section */
		2FEE6AE626BAAF4300615F9A /* Build configuration list for PBXProject "MiMarvel" */ = {
			isa = XCConfigurationList;
			buildConfigurations = (
				2FEE6B1726BAAF4300615F9A /* Debug */,
				2FEE6B1826BAAF4300615F9A /* Release */,
			);
			defaultConfigurationIsVisible = 0;
			defaultConfigurationName = Release;
		};
		2FEE6B1926BAAF4300615F9A /* Build configuration list for PBXNativeTarget "MiMarvel (iOS)" */ = {
			isa = XCConfigurationList;
			buildConfigurations = (
				2FEE6B1A26BAAF4300615F9A /* Debug */,
				2FEE6B1B26BAAF4300615F9A /* Release */,
			);
			defaultConfigurationIsVisible = 0;
			defaultConfigurationName = Release;
		};
		2FEE6B1C26BAAF4300615F9A /* Build configuration list for PBXNativeTarget "MiMarvel (macOS)" */ = {
			isa = XCConfigurationList;
			buildConfigurations = (
				2FEE6B1D26BAAF4300615F9A /* Debug */,
				2FEE6B1E26BAAF4300615F9A /* Release */,
			);
			defaultConfigurationIsVisible = 0;
			defaultConfigurationName = Release;
		};
		2FEE6B1F26BAAF4300615F9A /* Build configuration list for PBXNativeTarget "Tests iOS" */ = {
			isa = XCConfigurationList;
			buildConfigurations = (
				2FEE6B2026BAAF4300615F9A /* Debug */,
				2FEE6B2126BAAF4300615F9A /* Release */,
			);
			defaultConfigurationIsVisible = 0;
			defaultConfigurationName = Release;
		};
		2FEE6B2226BAAF4300615F9A /* Build configuration list for PBXNativeTarget "Tests macOS" */ = {
			isa = XCConfigurationList;
			buildConfigurations = (
				2FEE6B2326BAAF4300615F9A /* Debug */,
				2FEE6B2426BAAF4300615F9A /* Release */,
			);
			defaultConfigurationIsVisible = 0;
			defaultConfigurationName = Release;
		};
/* End XCConfigurationList section */

/* Begin XCVersionGroup section */
		2FEE6AE826BAAF4300615F9A /* MiMarvel.xcdatamodeld */ = {
			isa = XCVersionGroup;
			children = (
				2FEE6AE926BAAF4300615F9A /* Shared.xcdatamodel */,
			);
			currentVersion = 2FEE6AE926BAAF4300615F9A /* Shared.xcdatamodel */;
			path = MiMarvel.xcdatamodeld;
			sourceTree = "<group>";
			versionGroupType = wrapper.xcdatamodel;
		};
/* End XCVersionGroup section */
	};
	rootObject = 2FEE6AE326BAAF4300615F9A /* Project object */;
}
